
Microsoft Visual Studio Solution File, Format Version 12.00
# Visual Studio Version 17
VisualStudioVersion = 17.13.35825.156
MinimumVisualStudioVersion = 10.0.40219.1
Project("{FAE04EC0-301F-11D3-BF4B-00C04F79EFBC}") = "CompanyEventAPI", "CompanyEventAPI\CompanyEventAPI.csproj", "{83AFB9FF-4C8F-4E27-9AD3-B5FD6985D075}"
EndProject
Project("{FAE04EC0-301F-11D3-BF4B-00C04F79EFBC}") = "CompanyEventClient", "CompanyEventClient\CompanyEventClient.csproj", "{DEBE3A15-F3B8-430A-82EF-949DC12BFCDE}"
EndProject
Global
	GlobalSection(SolutionConfigurationPlatforms) = preSolution
		Debug|Any CPU = Debug|Any CPU
		Release|Any CPU = Release|Any CPU
	EndGlobalSection
	GlobalSection(ProjectConfigurationPlatforms) = postSolution
		{83AFB9FF-4C8F-4E27-9AD3-B5FD6985D075}.Debug|Any CPU.ActiveCfg = Debug|Any CPU
		{83AFB9FF-4C8F-4E27-9AD3-B5FD6985D075}.Debug|Any CPU.Build.0 = Debug|Any CPU
		{83AFB9FF-4C8F-4E27-9AD3-B5FD6985D075}.Release|Any CPU.ActiveCfg = Release|Any CPU
		{83AFB9FF-4C8F-4E27-9AD3-B5FD6985D075}.Release|Any CPU.Build.0 = Release|Any CPU
		{DEBE3A15-F3B8-430A-82EF-949DC12BFCDE}.Debug|Any CPU.ActiveCfg = Debug|Any CPU
		{DEBE3A15-F3B8-430A-82EF-949DC12BFCDE}.Debug|Any CPU.Build.0 = Debug|Any CPU
		{DEBE3A15-F3B8-430A-82EF-949DC12BFCDE}.Release|Any CPU.ActiveCfg = Release|Any CPU
		{DEBE3A15-F3B8-430A-82EF-949DC12BFCDE}.Release|Any CPU.Build.0 = Release|Any CPU
	EndGlobalSection
	GlobalSection(SolutionProperties) = preSolution
		HideSolutionNode = FALSE
	EndGlobalSection
	GlobalSection(ExtensibilityGlobals) = postSolution
		SolutionGuid = {0F21CC38-654D-4C41-9C75-C00C87ADA96F}
	EndGlobalSection
EndGlobal
